{
  "name": "jayeondeule",
  "lockfileVersion": 3,
  "requires": true,
  "packages": {
    "": {
      "dependencies": {
        "opendraw": "^1.0.8"
      }
    },
    "node_modules/@opendraw/board": {
      "version": "1.0.8",
      "resolved": "https://registry.npmjs.org/@opendraw/board/-/board-1.0.8.tgz",
      "integrity": "sha512-7iMGx+NGugg9t5jw4ZqCGGct0vlQPxojVXeNAIHz8jM/U3/cZF+De6WQn+e3QUc8upUnfWgKuY13VYb/91aPeA==",
      "license": "MIT",
      "peerDependencies": {
        "@opendraw/renderer": "^1.0.8",
        "@opendraw/util": "^1.0.8"
      }
    },
    "node_modules/@opendraw/core": {
      "version": "1.0.8",
      "resolved": "https://registry.npmjs.org/@opendraw/core/-/core-1.0.8.tgz",
      "integrity": "sha512-0aJavACQ17axKsKQBFoCdZ+kkcwy3TtMaV9S4ZYussi/rN2VQuESk+LrgHVQ0cCx/JDBXnAKXCgw6gXFJQw1Jg==",
      "license": "MIT",
      "peerDependencies": {
        "@opendraw/board": "^1.0.8",
        "@opendraw/renderer": "^1.0.8",
        "@opendraw/util": "^1.0.8"
      }
    },
    "node_modules/@opendraw/renderer": {
      "version": "1.0.8",
      "resolved": "https://registry.npmjs.org/@opendraw/renderer/-/renderer-1.0.8.tgz",
      "integrity": "sha512-7zw7HXczJ73KA/D0YGmgrfbjsOpEWvOwJaLixKXnIvGFy6MqoKWm5snMTPKBRfvylaw/FWnRdVBz+cMcIDVy9g==",
      "license": "MIT",
      "peerDependencies": {
        "@opendraw/util": "^1.0.8"
      }
    },
    "node_modules/@opendraw/types": {
      "version": "1.0.8",
      "resolved": "https://registry.npmjs.org/@opendraw/types/-/types-1.0.8.tgz",
      "integrity": "sha512-VwhakZt854znFPpAFzbP8dL97aXrXzCP8lBKcHgqDJ95Z+GO/lTmL68WlwaWP8NK5ZlWZcfem9JToSUNJXu4WQ==",
      "license": "MIT"
    },
    "node_modules/@opendraw/util": {
      "version": "1.0.8",
      "resolved": "https://registry.npmjs.org/@opendraw/util/-/util-1.0.8.tgz",
      "integrity": "sha512-aCW8IZjAGK33rHZW1GrE1QtfRjAhRasLfT925LsXt2avahGcvJbjtyhZXHJ3VwCTGXumdgICvR7fZPySdNbTyg==",
      "license": "MIT"
    },
    "node_modules/opendraw": {
      "version": "1.0.8",
      "resolved": "https://registry.npmjs.org/opendraw/-/opendraw-1.0.8.tgz",
      "integrity": "sha512-Lau6b4B0jJEdIvShu97/lL9+Ho3MTOb/QByHo3EahA7Ds0sdz4mf9kWf8uE76dKxt63a2nrtSPz6kal9VBmmgQ==",
      "license": "MIT",
      "dependencies": {
        "@opendraw/board": "^1.0.8",
        "@opendraw/core": "^1.0.8",
        "@opendraw/renderer": "^1.0.8",
        "@opendraw/types": "^1.0.8",
        "@opendraw/util": "^1.0.8"
      }
    }
  }
}
